
Microsoft Visual Studio Solution File, Format Version 12.00
# Visual Studio Version 17
VisualStudioVersion = 17.12.35323.107
MinimumVisualStudioVersion = 10.0.40219.1
Project("{FAE04EC0-301F-11D3-BF4B-00C04F79EFBC}") = "BinnaryToInteger", "BinnaryToInteger\BinnaryToInteger.csproj", "{B36E0973-4827-4E72-9ED2-CD7332EC63A7}"
EndProject
Global
	GlobalSection(SolutionConfigurationPlatforms) = preSolution
		Debug|Any CPU = Debug|Any CPU
		Release|Any CPU = Release|Any CPU
	EndGlobalSection
	GlobalSection(ProjectConfigurationPlatforms) = postSolution
		{B36E0973-4827-4E72-9ED2-CD7332EC63A7}.Debug|Any CPU.ActiveCfg = Debug|Any CPU
		{B36E0973-4827-4E72-9ED2-CD7332EC63A7}.Debug|Any CPU.Build.0 = Debug|Any CPU
		{B36E0973-4827-4E72-9ED2-CD7332EC63A7}.Release|Any CPU.ActiveCfg = Release|Any CPU
		{B36E0973-4827-4E72-9ED2-CD7332EC63A7}.Release|Any CPU.Build.0 = Release|Any CPU
	EndGlobalSection
	GlobalSection(SolutionProperties) = preSolution
		HideSolutionNode = FALSE
	EndGlobalSection
	GlobalSection(ExtensibilityGlobals) = postSolution
		SolutionGuid = {68C20534-53DB-4BFC-9CDA-121F90114BDD}
	EndGlobalSection
EndGlobal
